// !$*UTF8*$!
{
	archiveVersion = 1;
	classes = {
	};
	objectVersion = 77;
	objects = {

/* Begin PBXBuildFile section */
		C55F44D52F6C4A51001AEFEC /* FirebaseStorage in Frameworks */ = {isa = PBXBuildFile; productRef = C55F44D42F6C4A51001AEFEC /* FirebaseStorage */; };
		C5A99CF62F7033C00072B161 /* PhoneNumberKit in Frameworks */ = {isa = PBXBuildFile; productRef = C5A99CF52F7033C00072B161 /* PhoneNumberKit */; };
		E226D5E92FB3E18A00FC8CA7 /* QRCode in Frameworks */ = {isa = PBXBuildFile; productRef = E226D5E82FB3E18A00FC8CA7 /* QRCode */; };
		E2359D452FA7DD860064676E /* FirebaseMessaging in Frameworks */ = {isa = PBXBuildFile; productRef = E2359D442FA7DD860064676E /* FirebaseMessaging */; };
		E256EF3E2EFB2F6E000D5E8A /* Geohash in Frameworks */ = {isa = PBXBuildFile; productRef = E256EF3D2EFB2F6E000D5E8A /* Geohash */; };
		E2843DB42F26533F0028825D /* FirebaseFunctions in Frameworks */ = {isa = PBXBuildFile; productRef = E2843DB32F26533F0028825D /* FirebaseFunctions */; };
		E289D7B62EE832FA005F9F37 /* FirebaseAnalytics in Frameworks */ = {isa = PBXBuildFile; productRef = E289D7B52EE832FA005F9F37 /* FirebaseAnalytics */; };
		E289D7B82EE832FA005F9F37 /* FirebaseAnalyticsCore in Frameworks */ = {isa = PBXBuildFile; productRef = E289D7B72EE832FA005F9F37 /* FirebaseAnalyticsCore */; };
		E289D7BA2EE832FA005F9F37 /* FirebaseAnalyticsIdentitySupport in Frameworks */ = {isa = PBXBuildFile; productRef = E289D7B92EE832FA005F9F37 /* FirebaseAnalyticsIdentitySupport */; };
		E289D7BD2EE83372005F9F37 /* GoogleSignIn in Frameworks */ = {isa = PBXBuildFile; productRef = E289D7BC2EE83372005F9F37 /* GoogleSignIn */; };
		E289D7BF2EE83372005F9F37 /* GoogleSignInSwift in Frameworks */ = {isa = PBXBuildFile; productRef = E289D7BE2EE83372005F9F37 /* GoogleSignInSwift */; };
		E289D7E62EE83A83005F9F37 /* FirebaseAuth in Frameworks */ = {isa = PBXBuildFile; productRef = E289D7E52EE83A83005F9F37 /* FirebaseAuth */; };
		E289D7E82EE83A93005F9F37 /* FirebaseCore in Frameworks */ = {isa = PBXBuildFile; productRef = E289D7E72EE83A93005F9F37 /* FirebaseCore */; };
		E2A904A12F06F4CB00C287FD /* Kingfisher in Frameworks */ = {isa = PBXBuildFile; productRef = E2A904A02F06F4CB00C287FD /* Kingfisher */; };
		E2A90D0A2F09E59300C287FD /* AdelsonValidator in Frameworks */ = {isa = PBXBuildFile; productRef = E2A90D092F09E59300C287FD /* AdelsonValidator */; };
		E2A90D0D2F09E61900C287FD /* Lottie in Frameworks */ = {isa = PBXBuildFile; productRef = E2A90D0C2F09E61900C287FD /* Lottie */; };
		E2CB89BA2EF9924A0007AB32 /* FirebaseFirestore in Frameworks */ = {isa = PBXBuildFile; productRef = E2CB89B92EF9924A0007AB32 /* FirebaseFirestore */; };
		E2EBBBC62F2EAB1A002307D8 /* AdelsonAuthManager in Frameworks */ = {isa = PBXBuildFile; productRef = E2EBBBC52F2EAB1A002307D8 /* AdelsonAuthManager */; };
		E2EBBBC92F2EAB57002307D8 /* AdelsonApiCaller in Frameworks */ = {isa = PBXBuildFile; productRef = E2EBBBC82F2EAB57002307D8 /* AdelsonApiCaller */; };
		E2EBBD0A2F2F7535002307D8 /* Alamofire in Frameworks */ = {isa = PBXBuildFile; productRef = E2EBBD092F2F7535002307D8 /* Alamofire */; };
/* End PBXBuildFile section */

/* Begin PBXContainerItemProxy section */
		E24825AE2EE2DCA400330DC2 /* PBXContainerItemProxy */ = {
			isa = PBXContainerItemProxy;
			containerPortal = E24825982EE2DCA200330DC2 /* Project object */;
			proxyType = 1;
			remoteGlobalIDString = E248259F2EE2DCA200330DC2;
			remoteInfo = sbud;
		};
		E24825B82EE2DCA400330DC2 /* PBXContainerItemProxy */ = {
			isa = PBXContainerItemProxy;
			containerPortal = E24825982EE2DCA200330DC2 /* Project object */;
			proxyType = 1;
			remoteGlobalIDString = E248259F2EE2DCA200330DC2;
			remoteInfo = sbud;
		};
/* End PBXContainerItemProxy section */

/* Begin PBXCopyFilesBuildPhase section */
		C5A99CFC2F7033C10072B161 /* Embed Frameworks */ = {
			isa = PBXCopyFilesBuildPhase;
			buildActionMask = 2147483647;
			dstPath = "";
			dstSubfolderSpec = 10;
			files = (
			);
			name = "Embed Frameworks";
			runOnlyForDeploymentPostprocessing = 0;
		};
/* End PBXCopyFilesBuildPhase section */

/* Begin PBXFileReference section */
		E24825A02EE2DCA200330DC2 /* sbud.app */ = {isa = PBXFileReference; explicitFileType = wrapper.application; includeInIndex = 0; path = sbud.app; sourceTree = BUILT_PRODUCTS_DIR; };
		E24825AD2EE2DCA400330DC2 /* sbudTests.xctest */ = {isa = PBXFileReference; explicitFileType = wrapper.cfbundle; includeInIndex = 0; path = sbudTests.xctest; sourceTree = BUILT_PRODUCTS_DIR; };
		E24825B72EE2DCA400330DC2 /* sbudUITests.xctest */ = {isa = PBXFileReference; explicitFileType = wrapper.cfbundle; includeInIndex = 0; path = sbudUITests.xctest; sourceTree = BUILT_PRODUCTS_DIR; };
/* End PBXFileReference section */

/* Begin PBXFileSystemSynchronizedBuildFileExceptionSet section */
		E289D8042EE873C6005F9F37 /* Exceptions for "sbud" folder in "sbud" target */ = {
			isa = PBXFileSystemSynchronizedBuildFileExceptionSet;
			membershipExceptions = (
				Info.plist,
			);
			target = E248259F2EE2DCA200330DC2 /* sbud */;
		};
/* End PBXFileSystemSynchronizedBuildFileExceptionSet section */

/* Begin PBXFileSystemSynchronizedRootGroup section */
		E24825A22EE2DCA200330DC2 /* sbud */ = {
			isa = PBXFileSystemSynchronizedRootGroup;
			exceptions = (
				E289D8042EE873C6005F9F37 /* Exceptions for "sbud" folder in "sbud" target */,
			);
			path = sbud;
			sourceTree = "<group>";
		};
		E24825B02EE2DCA400330DC2 /* sbudTests */ = {
			isa = PBXFileSystemSynchronizedRootGroup;
			path = sbudTests;
			sourceTree = "<group>";
		};
		E24825BA2EE2DCA400330DC2 /* sbudUITests */ = {
			isa = PBXFileSystemSynchronizedRootGroup;
			path = sbudUITests;
			sourceTree = "<group>";
		};
/* End PBXFileSystemSynchronizedRootGroup section */

/* Begin PBXFrameworksBuildPhase section */
		E248259D2EE2DCA200330DC2 /* Frameworks */ = {
			isa = PBXFrameworksBuildPhase;
			buildActionMask = 2147483647;
			files = (
				E226D5E92FB3E18A00FC8CA7 /* QRCode in Frameworks */,
				E256EF3E2EFB2F6E000D5E8A /* Geohash in Frameworks */,
				E289D7BF2EE83372005F9F37 /* GoogleSignInSwift in Frameworks */,
				E289D7E62EE83A83005F9F37 /* FirebaseAuth in Frameworks */,
				E289D7B62EE832FA005F9F37 /* FirebaseAnalytics in Frameworks */,
				E2A904A12F06F4CB00C287FD /* Kingfisher in Frameworks */,
				E289D7BD2EE83372005F9F37 /* GoogleSignIn in Frameworks */,
				E2A90D0A2F09E59300C287FD /* AdelsonValidator in Frameworks */,
				E289D7E82EE83A93005F9F37 /* FirebaseCore in Frameworks */,
				E2359D452FA7DD860064676E /* FirebaseMessaging in Frameworks */,
				E2CB89BA2EF9924A0007AB32 /* FirebaseFirestore in Frameworks */,
				E2EBBD0A2F2F7535002307D8 /* Alamofire in Frameworks */,
				E2EBBBC62F2EAB1A002307D8 /* AdelsonAuthManager in Frameworks */,
				E2EBBBC92F2EAB57002307D8 /* AdelsonApiCaller in Frameworks */,
				C55F44D52F6C4A51001AEFEC /* FirebaseStorage in Frameworks */,
				E2843DB42F26533F0028825D /* FirebaseFunctions in Frameworks */,
				E289D7B82EE832FA005F9F37 /* FirebaseAnalyticsCore in Frameworks */,
				C5A99CF62F7033C00072B161 /* PhoneNumberKit in Frameworks */,
				E289D7BA2EE832FA005F9F37 /* FirebaseAnalyticsIdentitySupport in Frameworks */,
				E2A90D0D2F09E61900C287FD /* Lottie in Frameworks */,
			);
			runOnlyForDeploymentPostprocessing = 0;
		};
		E24825AA2EE2DCA400330DC2 /* Frameworks */ = {
			isa = PBXFrameworksBuildPhase;
			buildActionMask = 2147483647;
			files = (
			);
			runOnlyForDeploymentPostprocessing = 0;
		};
		E24825B42EE2DCA400330DC2 /* Frameworks */ = {
			isa = PBXFrameworksBuildPhase;
			buildActionMask = 2147483647;
			files = (
			);
			runOnlyForDeploymentPostprocessing = 0;
		};
/* End PBXFrameworksBuildPhase section */

/* Begin PBXGroup section */
		E24825972EE2DCA200330DC2 = {
			isa = PBXGroup;
			children = (
				E24825A22EE2DCA200330DC2 /* sbud */,
				E24825B02EE2DCA400330DC2 /* sbudTests */,
				E24825BA2EE2DCA400330DC2 /* sbudUITests */,
				E289D7E42EE83A83005F9F37 /* Frameworks */,
				E24825A12EE2DCA200330DC2 /* Products */,
			);
			sourceTree = "<group>";
		};
		E24825A12EE2DCA200330DC2 /* Products */ = {
			isa = PBXGroup;
			children = (
				E24825A02EE2DCA200330DC2 /* sbud.app */,
				E24825AD2EE2DCA400330DC2 /* sbudTests.xctest */,
				E24825B72EE2DCA400330DC2 /* sbudUITests.xctest */,
			);
			name = Products;
			sourceTree = "<group>";
		};
		E289D7E42EE83A83005F9F37 /* Frameworks */ = {
			isa = PBXGroup;
			children = (
			);
			name = Frameworks;
			sourceTree = "<group>";
		};
/* End PBXGroup section */

/* Begin PBXNativeTarget section */
		E248259F2EE2DCA200330DC2 /* sbud */ = {
			isa = PBXNativeTarget;
			buildConfigurationList = E24825C12EE2DCA400330DC2 /* Build configuration list for PBXNativeTarget "sbud" */;
			buildPhases = (
				E248259C2EE2DCA200330DC2 /* Sources */,
				E248259D2EE2DCA200330DC2 /* Frameworks */,
				E248259E2EE2DCA200330DC2 /* Resources */,
				C5A99CFC2F7033C10072B161 /* Embed Frameworks */,
			);
			buildRules = (
			);
			dependencies = (
			);
			fileSystemSynchronizedGroups = (
				E24825A22EE2DCA200330DC2 /* sbud */,
			);
			name = sbud;
			packageProductDependencies = (
				E289D7B52EE832FA005F9F37 /* FirebaseAnalytics */,
				E289D7B72EE832FA005F9F37 /* FirebaseAnalyticsCore */,
				E289D7B92EE832FA005F9F37 /* FirebaseAnalyticsIdentitySupport */,
				E289D7BC2EE83372005F9F37 /* GoogleSignIn */,
				E289D7BE2EE83372005F9F37 /* GoogleSignInSwift */,
				E289D7E52EE83A83005F9F37 /* FirebaseAuth */,
				E289D7E72EE83A93005F9F37 /* FirebaseCore */,
				E2CB89B92EF9924A0007AB32 /* FirebaseFirestore */,
				E256EF3D2EFB2F6E000D5E8A /* Geohash */,
				E2A904A02F06F4CB00C287FD /* Kingfisher */,
				E2A90D092F09E59300C287FD /* AdelsonValidator */,
				E2A90D0C2F09E61900C287FD /* Lottie */,
				E2843DB32F26533F0028825D /* FirebaseFunctions */,
				E2EBBBC52F2EAB1A002307D8 /* AdelsonAuthManager */,
				E2EBBBC82F2EAB57002307D8 /* AdelsonApiCaller */,
				E2EBBD092F2F7535002307D8 /* Alamofire */,
				C55F44D42F6C4A51001AEFEC /* FirebaseStorage */,
				C5A99CF52F7033C00072B161 /* PhoneNumberKit */,
				E2359D442FA7DD860064676E /* FirebaseMessaging */,
				E226D5E82FB3E18A00FC8CA7 /* QRCode */,
			);
			productName = sbud;
			productReference = E24825A02EE2DCA200330DC2 /* sbud.app */;
			productType = "com.apple.product-type.application";
		};
		E24825AC2EE2DCA400330DC2 /* sbudTests */ = {
			isa = PBXNativeTarget;
			buildConfigurationList = E24825C42EE2DCA400330DC2 /* Build configuration list for PBXNativeTarget "sbudTests" */;
			buildPhases = (
				E24825A92EE2DCA400330DC2 /* Sources */,
				E24825AA2EE2DCA400330DC2 /* Frameworks */,
				E24825AB2EE2DCA400330DC2 /* Resources */,
			);
			buildRules = (
			);
			dependencies = (
				E24825AF2EE2DCA400330DC2 /* PBXTargetDependency */,
			);
			fileSystemSynchronizedGroups = (
				E24825B02EE2DCA400330DC2 /* sbudTests */,
			);
			name = sbudTests;
			packageProductDependencies = (
			);
			productName = sbudTests;
			productReference = E24825AD2EE2DCA400330DC2 /* sbudTests.xctest */;
			productType = "com.apple.product-type.bundle.unit-test";
		};
		E24825B62EE2DCA400330DC2 /* sbudUITests */ = {
			isa = PBXNativeTarget;
			buildConfigurationList = E24825C72EE2DCA400330DC2 /* Build configuration list for PBXNativeTarget "sbudUITests" */;
			buildPhases = (
				E24825B32EE2DCA400330DC2 /* Sources */,
				E24825B42EE2DCA400330DC2 /* Frameworks */,
				E24825B52EE2DCA400330DC2 /* Resources */,
			);
			buildRules = (
			);
			dependencies = (
				E24825B92EE2DCA400330DC2 /* PBXTargetDependency */,
			);
			fileSystemSynchronizedGroups = (
				E24825BA2EE2DCA400330DC2 /* sbudUITests */,
			);
			name = sbudUITests;
			packageProductDependencies = (
			);
			productName = sbudUITests;
			productReference = E24825B72EE2DCA400330DC2 /* sbudUITests.xctest */;
			productType = "com.apple.product-type.bundle.ui-testing";
		};
/* End PBXNativeTarget section */

/* Begin PBXProject section */
		E24825982EE2DCA200330DC2 /* Project object */ = {
			isa = PBXProject;
			attributes = {
				BuildIndependentTargetsInParallel = 1;
				LastSwiftUpdateCheck = 2600;
				LastUpgradeCheck = 2610;
				TargetAttributes = {
					E248259F2EE2DCA200330DC2 = {
						CreatedOnToolsVersion = 26.0;
					};
					E24825AC2EE2DCA400330DC2 = {
						CreatedOnToolsVersion = 26.0;
						TestTargetID = E248259F2EE2DCA200330DC2;
					};
					E24825B62EE2DCA400330DC2 = {
						CreatedOnToolsVersion = 26.0;
						TestTargetID = E248259F2EE2DCA200330DC2;
					};
				};
			};
			buildConfigurationList = E248259B2EE2DCA200330DC2 /* Build configuration list for PBXProject "sbud" */;
			developmentRegion = en;
			hasScannedForEncodings = 0;
			knownRegions = (
				en,
				Base,
			);
			mainGroup = E24825972EE2DCA200330DC2;
			minimizedProjectReferenceProxies = 1;
			packageReferences = (
				E289D7B42EE832FA005F9F37 /* XCRemoteSwiftPackageReference "firebase-ios-sdk" */,
				E289D7BB2EE83372005F9F37 /* XCRemoteSwiftPackageReference "GoogleSignIn-iOS" */,
				E256EF3C2EFB2F6E000D5E8A /* XCRemoteSwiftPackageReference "Geohash" */,
				E2A9049F2F06F4CB00C287FD /* XCRemoteSwiftPackageReference "Kingfisher" */,
				E2A90D082F09E59300C287FD /* XCRemoteSwiftPackageReference "AdelsonValidator" */,
				E2A90D0B2F09E61900C287FD /* XCRemoteSwiftPackageReference "lottie-ios" */,
				E2EBBBC42F2EAB1A002307D8 /* XCRemoteSwiftPackageReference "AdelsonAuthManager" */,
				E2EBBBC72F2EAB57002307D8 /* XCRemoteSwiftPackageReference "AdelsonApiCaller" */,
				E2EBBD082F2F7535002307D8 /* XCRemoteSwiftPackageReference "Alamofire" */,
				C5A99CF42F7032CB0072B161 /* XCRemoteSwiftPackageReference "PhoneNumberKit" */,
				E226D5E72FB3E18900FC8CA7 /* XCRemoteSwiftPackageReference "QRCode" */,
			);
			preferredProjectObjectVersion = 77;
			productRefGroup = E24825A12EE2DCA200330DC2 /* Products */;
			projectDirPath = "";
			projectRoot = "";
			targets = (
				E248259F2EE2DCA200330DC2 /* sbud */,
				E24825AC2EE2DCA400330DC2 /* sbudTests */,
				E24825B62EE2DCA400330DC2 /* sbudUITests */,
			);
		};
/* End PBXProject section */

/* Begin PBXResourcesBuildPhase section */
		E248259E2EE2DCA200330DC2 /* Resources */ = {
			isa = PBXResourcesBuildPhase;
			buildActionMask = 2147483647;
			files = (
			);
			runOnlyForDeploymentPostprocessing = 0;
		};
		E24825AB2EE2DCA400330DC2 /* Resources */ = {
			isa = PBXResourcesBuildPhase;
			buildActionMask = 2147483647;
			files = (
			);
			runOnlyForDeploymentPostprocessing = 0;
		};
		E24825B52EE2DCA400330DC2 /* Resources */ = {
			isa = PBXResourcesBuildPhase;
			buildActionMask = 2147483647;
			files = (
			);
			runOnlyForDeploymentPostprocessing = 0;
		};
/* End PBXResourcesBuildPhase section */

/* Begin PBXSourcesBuildPhase section */
		E248259C2EE2DCA200330DC2 /* Sources */ = {
			isa = PBXSourcesBuildPhase;
			buildActionMask = 2147483647;
			files = (
			);
			runOnlyForDeploymentPostprocessing = 0;
		};
		E24825A92EE2DCA400330DC2 /* Sources */ = {
			isa = PBXSourcesBuildPhase;
			buildActionMask = 2147483647;
			files = (
			);
			runOnlyForDeploymentPostprocessing = 0;
		};
		E24825B32EE2DCA400330DC2 /* Sources */ = {
			isa = PBXSourcesBuildPhase;
			buildActionMask = 2147483647;
			files = (
			);
			runOnlyForDeploymentPostprocessing = 0;
		};
/* End PBXSourcesBuildPhase section */

/* Begin PBXTargetDependency section */
		E24825AF2EE2DCA400330DC2 /* PBXTargetDependency */ = {
			isa = PBXTargetDependency;
			target = E248259F2EE2DCA200330DC2 /* sbud */;
			targetProxy = E24825AE2EE2DCA400330DC2 /* PBXContainerItemProxy */;
		};
		E24825B92EE2DCA400330DC2 /* PBXTargetDependency */ = {
			isa = PBXTargetDependency;
			target = E248259F2EE2DCA200330DC2 /* sbud */;
			targetProxy = E24825B82EE2DCA400330DC2 /* PBXContainerItemProxy */;
		};
/* End PBXTargetDependency section */

/* Begin XCBuildConfiguration section */
		E24825BF2EE2DCA400330DC2 /* Debug */ = {
			isa = XCBuildConfiguration;
			buildSettings = {
				ALWAYS_SEARCH_USER_PATHS = NO;
				ASSETCATALOG_COMPILER_GENERATE_SWIFT_ASSET_SYMBOL_EXTENSIONS = YES;
				CLANG_ANALYZER_NONNULL = YES;
				CLANG_ANALYZER_NUMBER_OBJECT_CONVERSION = YES_AGGRESSIVE;
				CLANG_CXX_LANGUAGE_STANDARD = "gnu++20";
				CLANG_ENABLE_MODULES = YES;
				CLANG_ENABLE_OBJC_ARC = YES;
				CLANG_ENABLE_OBJC_WEAK = YES;
				CLANG_WARN_BLOCK_CAPTURE_AUTORELEASING = YES;
				CLANG_WARN_BOOL_CONVERSION = YES;
				CLANG_WARN_COMMA = YES;
				CLANG_WARN_CONSTANT_CONVERSION = YES;
				CLANG_WARN_DEPRECATED_OBJC_IMPLEMENTATIONS = YES;
				CLANG_WARN_DIRECT_OBJC_ISA_USAGE = YES_ERROR;
				CLANG_WARN_DOCUMENTATION_COMMENTS = YES;
				CLANG_WARN_EMPTY_BODY = YES;
				CLANG_WARN_ENUM_CONVERSION = YES;
				CLANG_WARN_INFINITE_RECURSION = YES;
				CLANG_WARN_INT_CONVERSION = YES;
				CLANG_WARN_NON_LITERAL_NULL_CONVERSION = YES;
				CLANG_WARN_OBJC_IMPLICIT_RETAIN_SELF = YES;
				CLANG_WARN_OBJC_LITERAL_CONVERSION = YES;
				CLANG_WARN_OBJC_ROOT_CLASS = YES_ERROR;
				CLANG_WARN_QUOTED_INCLUDE_IN_FRAMEWORK_HEADER = YES;
				CLANG_WARN_RANGE_LOOP_ANALYSIS = YES;
				CLANG_WARN_STRICT_PROTOTYPES = YES;
				CLANG_WARN_SUSPICIOUS_MOVE = YES;
				CLANG_WARN_UNGUARDED_AVAILABILITY = YES_AGGRESSIVE;
				CLANG_WARN_UNREACHABLE_CODE = YES;
				CLANG_WARN__DUPLICATE_METHOD_MATCH = YES;
				COPY_PHASE_STRIP = NO;
				DEBUG_INFORMATION_FORMAT = dwarf;
				DEVELOPMENT_TEAM = Z6S698QJX2;
				ENABLE_STRICT_OBJC_MSGSEND = YES;
				ENABLE_TESTABILITY = YES;
				ENABLE_USER_SCRIPT_SANDBOXING = YES;
				GCC_C_LANGUAGE_STANDARD = gnu17;
				GCC_DYNAMIC_NO_PIC = NO;
				GCC_NO_COMMON_BLOCKS = YES;
				GCC_OPTIMIZATION_LEVEL = 0;
				GCC_PREPROCESSOR_DEFINITIONS = (
					"DEBUG=1",
					"$(inherited)",
				);
				GCC_WARN_64_TO_32_BIT_CONVERSION = YES;
				GCC_WARN_ABOUT_RETURN_TYPE = YES_ERROR;
				GCC_WARN_UNDECLARED_SELECTOR = YES;
				GCC_WARN_UNINITIALIZED_AUTOS = YES_AGGRESSIVE;
				GCC_WARN_UNUSED_FUNCTION = YES;
				GCC_WARN_UNUSED_VARIABLE = YES;
				INFOPLIST_FILE = sbud/Info.plist;
				IPHONEOS_DEPLOYMENT_TARGET = 26.0;
				LOCALIZATION_PREFERS_STRING_CATALOGS = YES;
				MTL_ENABLE_DEBUG_INFO = INCLUDE_SOURCE;
				MTL_FAST_MATH = YES;
				ONLY_ACTIVE_ARCH = YES;
				SDKROOT = iphoneos;
				STRING_CATALOG_GENERATE_SYMBOLS = YES;
				SWIFT_ACTIVE_COMPILATION_CONDITIONS = "DEBUG $(inherited)";
				SWIFT_OPTIMIZATION_LEVEL = "-Onone";
			};
			name = Debug;
		};
		E24825C02EE2DCA400330DC2 /* Release */ = {
			isa = XCBuildConfiguration;
			buildSettings = {
				ALWAYS_SEARCH_USER_PATHS = NO;
				ASSETCATALOG_COMPILER_GENERATE_SWIFT_ASSET_SYMBOL_EXTENSIONS = YES;
				CLANG_ANALYZER_NONNULL = YES;
				CLANG_ANALYZER_NUMBER_OBJECT_CONVERSION = YES_AGGRESSIVE;
				CLANG_CXX_LANGUAGE_STANDARD = "gnu++20";
				CLANG_ENABLE_MODULES = YES;
				CLANG_ENABLE_OBJC_ARC = YES;
				CLANG_ENABLE_OBJC_WEAK = YES;
				CLANG_WARN_BLOCK_CAPTURE_AUTORELEASING = YES;
				CLANG_WARN_BOOL_CONVERSION = YES;
				CLANG_WARN_COMMA = YES;
				CLANG_WARN_CONSTANT_CONVERSION = YES;
				CLANG_WARN_DEPRECATED_OBJC_IMPLEMENTATIONS = YES;
				CLANG_WARN_DIRECT_OBJC_ISA_USAGE = YES_ERROR;
				CLANG_WARN_DOCUMENTATION_COMMENTS = YES;
				CLANG_WARN_EMPTY_BODY = YES;
				CLANG_WARN_ENUM_CONVERSION = YES;
				CLANG_WARN_INFINITE_RECURSION = YES;
				CLANG_WARN_INT_CONVERSION = YES;
				CLANG_WARN_NON_LITERAL_NULL_CONVERSION = YES;
				CLANG_WARN_OBJC_IMPLICIT_RETAIN_SELF = YES;
				CLANG_WARN_OBJC_LITERAL_CONVERSION = YES;
				CLANG_WARN_OBJC_ROOT_CLASS = YES_ERROR;
				CLANG_WARN_QUOTED_INCLUDE_IN_FRAMEWORK_HEADER = YES;
				CLANG_WARN_RANGE_LOOP_ANALYSIS = YES;
				CLANG_WARN_STRICT_PROTOTYPES = YES;
				CLANG_WARN_SUSPICIOUS_MOVE = YES;
				CLANG_WARN_UNGUARDED_AVAILABILITY = YES_AGGRESSIVE;
				CLANG_WARN_UNREACHABLE_CODE = YES;
				CLANG_WARN__DUPLICATE_METHOD_MATCH = YES;
				COPY_PHASE_STRIP = NO;
				DEBUG_INFORMATION_FORMAT = "dwarf-with-dsym";
				DEVELOPMENT_TEAM = Z6S698QJX2;
				ENABLE_NS_ASSERTIONS = NO;
				ENABLE_STRICT_OBJC_MSGSEND = YES;
				ENABLE_USER_SCRIPT_SANDBOXING = YES;
				GCC_C_LANGUAGE_STANDARD = gnu17;
				GCC_NO_COMMON_BLOCKS = YES;
				GCC_WARN_64_TO_32_BIT_CONVERSION = YES;
				GCC_WARN_ABOUT_RETURN_TYPE = YES_ERROR;
				GCC_WARN_UNDECLARED_SELECTOR = YES;
				GCC_WARN_UNINITIALIZED_AUTOS = YES_AGGRESSIVE;
				GCC_WARN_UNUSED_FUNCTION = YES;
				GCC_WARN_UNUSED_VARIABLE = YES;
				INFOPLIST_FILE = sbud/Info.plist;
				IPHONEOS_DEPLOYMENT_TARGET = 26.0;
				LOCALIZATION_PREFERS_STRING_CATALOGS = YES;
				MTL_ENABLE_DEBUG_INFO = NO;
				MTL_FAST_MATH = YES;
				SDKROOT = iphoneos;
				STRING_CATALOG_GENERATE_SYMBOLS = YES;
				SWIFT_COMPILATION_MODE = wholemodule;
				VALIDATE_PRODUCT = YES;
			};
			name = Release;
		};
		E24825C22EE2DCA400330DC2 /* Debug */ = {
			isa = XCBuildConfiguration;
			buildSettings = {
				ASSETCATALOG_COMPILER_APPICON_NAME = AppIcon;
				ASSETCATALOG_COMPILER_GLOBAL_ACCENT_COLOR_NAME = AccentColor;
				CODE_SIGN_IDENTITY = "Apple Development";
				CODE_SIGN_STYLE = Automatic;
				CURRENT_PROJECT_VERSION = 1;
				DEVELOPMENT_TEAM = GPZYC2Z84X;
				ENABLE_PREVIEWS = YES;
				GENERATE_INFOPLIST_FILE = YES;
				INFOPLIST_KEY_NSCameraUsageDescription = "Used to scan QR codes to connect with friends.";
				INFOPLIST_KEY_NSHealthShareUsageDescription = "sBud reads your health data to display activity history.";
				INFOPLIST_KEY_NSHealthUpdateUsageDescription = "sBud saves your workouts to Apple Health.";
				INFOPLIST_KEY_NSLocationAlwaysAndWhenInUseUsageDescription = "We need your location in the background to seamlessly track your activity and pace even when your screen is locked.";
				INFOPLIST_KEY_NSLocationWhenInUseUsageDescription = "We need your location to track your activity and show your route on the map.";
				INFOPLIST_KEY_UIApplicationSceneManifest_Generation = YES;
				INFOPLIST_KEY_UIApplicationSupportsIndirectInputEvents = YES;
				INFOPLIST_KEY_UILaunchScreen_Generation = YES;
				INFOPLIST_KEY_UILaunchStoryboardName = "Launch Screen";
				INFOPLIST_KEY_UISupportedInterfaceOrientations_iPad = "UIInterfaceOrientationPortrait UIInterfaceOrientationPortraitUpsideDown UIInterfaceOrientationLandscapeLeft UIInterfaceOrientationLandscapeRight";
				INFOPLIST_KEY_UISupportedInterfaceOrientations_iPhone = "UIInterfaceOrientationPortrait UIInterfaceOrientationLandscapeLeft UIInterfaceOrientationLandscapeRight";
				IPHONEOS_DEPLOYMENT_TARGET = 17.6;
				LD_RUNPATH_SEARCH_PATHS = (
					"$(inherited)",
					"@executable_path/Frameworks",
				);
				MARKETING_VERSION = 1.0;
				PRODUCT_BUNDLE_IDENTIFIER = com.sbud4.app;
				PRODUCT_NAME = "$(TARGET_NAME)";
				PROVISIONING_PROFILE_SPECIFIER = "";
				STRING_CATALOG_GENERATE_SYMBOLS = YES;
				SWIFT_DEFAULT_ACTOR_ISOLATION = MainActor;
				SWIFT_EMIT_LOC_STRINGS = YES;
				SWIFT_UPCOMING_FEATURE_MEMBER_IMPORT_VISIBILITY = YES;
				SWIFT_VERSION = 5.0;
				TARGETED_DEVICE_FAMILY = "1,2";
			};
			name = Debug;
		};
		E24825C32EE2DCA400330DC2 /* Release */ = {
			isa = XCBuildConfiguration;
			buildSettings = {
				ASSETCATALOG_COMPILER_APPICON_NAME = AppIcon;
				ASSETCATALOG_COMPILER_GLOBAL_ACCENT_COLOR_NAME = AccentColor;
				CODE_SIGN_IDENTITY = "Apple Development";
				CODE_SIGN_STYLE = Automatic;
				CURRENT_PROJECT_VERSION = 1;
				DEVELOPMENT_TEAM = GPZYC2Z84X;
				ENABLE_PREVIEWS = YES;
				GENERATE_INFOPLIST_FILE = YES;
				INFOPLIST_KEY_NSCameraUsageDescription = "Used to scan QR codes to connect with friends.";
				INFOPLIST_KEY_NSHealthShareUsageDescription = "sBud reads your health data to display activity history.";
				INFOPLIST_KEY_NSHealthUpdateUsageDescription = "sBud saves your workouts to Apple Health.";
				INFOPLIST_KEY_NSLocationAlwaysAndWhenInUseUsageDescription = "We need your location in the background to seamlessly track your activity and pace even when your screen is locked.";
				INFOPLIST_KEY_NSLocationWhenInUseUsageDescription = "We need your location to track your activity and show your route on the map.";
				INFOPLIST_KEY_UIApplicationSceneManifest_Generation = YES;
				INFOPLIST_KEY_UIApplicationSupportsIndirectInputEvents = YES;
				INFOPLIST_KEY_UILaunchScreen_Generation = YES;
				INFOPLIST_KEY_UILaunchStoryboardName = "Launch Screen";
				INFOPLIST_KEY_UISupportedInterfaceOrientations_iPad = "UIInterfaceOrientationPortrait UIInterfaceOrientationPortraitUpsideDown UIInterfaceOrientationLandscapeLeft UIInterfaceOrientationLandscapeRight";
				INFOPLIST_KEY_UISupportedInterfaceOrientations_iPhone = "UIInterfaceOrientationPortrait UIInterfaceOrientationLandscapeLeft UIInterfaceOrientationLandscapeRight";
				IPHONEOS_DEPLOYMENT_TARGET = 17.6;
				LD_RUNPATH_SEARCH_PATHS = (
					"$(inherited)",
					"@executable_path/Frameworks",
				);
				MARKETING_VERSION = 1.0;
				PRODUCT_BUNDLE_IDENTIFIER = com.sbud4.app;
				PRODUCT_NAME = "$(TARGET_NAME)";
				PROVISIONING_PROFILE_SPECIFIER = "";
				STRING_CATALOG_GENERATE_SYMBOLS = YES;
				SWIFT_DEFAULT_ACTOR_ISOLATION = MainActor;
				SWIFT_EMIT_LOC_STRINGS = YES;
				SWIFT_UPCOMING_FEATURE_MEMBER_IMPORT_VISIBILITY = YES;
				SWIFT_VERSION = 5.0;
				TARGETED_DEVICE_FAMILY = "1,2";
			};
			name = Release;
		};
		E24825C52EE2DCA400330DC2 /* Debug */ = {
			isa = XCBuildConfiguration;
			buildSettings = {
				BUNDLE_LOADER = "$(TEST_HOST)";
				CODE_SIGN_STYLE = Automatic;
				CURRENT_PROJECT_VERSION = 1;
				DEVELOPMENT_TEAM = Z6S698QJX2;
				GENERATE_INFOPLIST_FILE = YES;
				IPHONEOS_DEPLOYMENT_TARGET = 26.0;
				MARKETING_VERSION = 1.0;
				PRODUCT_BUNDLE_IDENTIFIER = test.sbudTests;
				PRODUCT_NAME = "$(TARGET_NAME)";
				STRING_CATALOG_GENERATE_SYMBOLS = NO;
				SWIFT_EMIT_LOC_STRINGS = NO;
				SWIFT_UPCOMING_FEATURE_MEMBER_IMPORT_VISIBILITY = YES;
				SWIFT_VERSION = 5.0;
				TARGETED_DEVICE_FAMILY = "1,2";
				TEST_HOST = "$(BUILT_PRODUCTS_DIR)/sbud.app/$(BUNDLE_EXECUTABLE_FOLDER_PATH)/sbud";
			};
			name = Debug;
		};
		E24825C62EE2DCA400330DC2 /* Release */ = {
			isa = XCBuildConfiguration;
			buildSettings = {
				BUNDLE_LOADER = "$(TEST_HOST)";
				CODE_SIGN_STYLE = Automatic;
				CURRENT_PROJECT_VERSION = 1;
				DEVELOPMENT_TEAM = Z6S698QJX2;
				GENERATE_INFOPLIST_FILE = YES;
				IPHONEOS_DEPLOYMENT_TARGET = 26.0;
				MARKETING_VERSION = 1.0;
				PRODUCT_BUNDLE_IDENTIFIER = test.sbudTests;
				PRODUCT_NAME = "$(TARGET_NAME)";
				STRING_CATALOG_GENERATE_SYMBOLS = NO;
				SWIFT_EMIT_LOC_STRINGS = NO;
				SWIFT_UPCOMING_FEATURE_MEMBER_IMPORT_VISIBILITY = YES;
				SWIFT_VERSION = 5.0;
				TARGETED_DEVICE_FAMILY = "1,2";
				TEST_HOST = "$(BUILT_PRODUCTS_DIR)/sbud.app/$(BUNDLE_EXECUTABLE_FOLDER_PATH)/sbud";
			};
			name = Release;
		};
		E24825C82EE2DCA400330DC2 /* Debug */ = {
			isa = XCBuildConfiguration;
			buildSettings = {
				CODE_SIGN_STYLE = Automatic;
				CURRENT_PROJECT_VERSION = 1;
				DEVELOPMENT_TEAM = Z6S698QJX2;
				GENERATE_INFOPLIST_FILE = YES;
				MARKETING_VERSION = 1.0;
				PRODUCT_BUNDLE_IDENTIFIER = com.sbud.app;
				PRODUCT_NAME = "$(TARGET_NAME)";
				STRING_CATALOG_GENERATE_SYMBOLS = NO;
				SWIFT_EMIT_LOC_STRINGS = NO;
				SWIFT_UPCOMING_FEATURE_MEMBER_IMPORT_VISIBILITY = YES;
				SWIFT_VERSION = 5.0;
				TARGETED_DEVICE_FAMILY = "1,2";
				TEST_TARGET_NAME = sbud;
			};
			name = Debug;
		};
		E24825C92EE2DCA400330DC2 /* Release */ = {
			isa = XCBuildConfiguration;
			buildSettings = {
				CODE_SIGN_STYLE = Automatic;
				CURRENT_PROJECT_VERSION = 1;
				DEVELOPMENT_TEAM = Z6S698QJX2;
				GENERATE_INFOPLIST_FILE = YES;
				MARKETING_VERSION = 1.0;
				PRODUCT_BUNDLE_IDENTIFIER = com.sbud.app;
				PRODUCT_NAME = "$(TARGET_NAME)";
				STRING_CATALOG_GENERATE_SYMBOLS = NO;
				SWIFT_EMIT_LOC_STRINGS = NO;
				SWIFT_UPCOMING_FEATURE_MEMBER_IMPORT_VISIBILITY = YES;
				SWIFT_VERSION = 5.0;
				TARGETED_DEVICE_FAMILY = "1,2";
				TEST_TARGET_NAME = sbud;
			};
			name = Release;
		};
/* End XCBuildConfiguration section */

/* Begin XCConfigurationList section */
		E248259B2EE2DCA200330DC2 /* Build configuration list for PBXProject "sbud" */ = {
			isa = XCConfigurationList;
			buildConfigurations = (
				E24825BF2EE2DCA400330DC2 /* Debug */,
				E24825C02EE2DCA400330DC2 /* Release */,
			);
			defaultConfigurationIsVisible = 0;
			defaultConfigurationName = Release;
		};
		E24825C12EE2DCA400330DC2 /* Build configuration list for PBXNativeTarget "sbud" */ = {
			isa = XCConfigurationList;
			buildConfigurations = (
				E24825C22EE2DCA400330DC2 /* Debug */,
				E24825C32EE2DCA400330DC2 /* Release */,
			);
			defaultConfigurationIsVisible = 0;
			defaultConfigurationName = Release;
		};
		E24825C42EE2DCA400330DC2 /* Build configuration list for PBXNativeTarget "sbudTests" */ = {
			isa = XCConfigurationList;
			buildConfigurations = (
				E24825C52EE2DCA400330DC2 /* Debug */,
				E24825C62EE2DCA400330DC2 /* Release */,
			);
			defaultConfigurationIsVisible = 0;
			defaultConfigurationName = Release;
		};
		E24825C72EE2DCA400330DC2 /* Build configuration list for PBXNativeTarget "sbudUITests" */ = {
			isa = XCConfigurationList;
			buildConfigurations = (
				E24825C82EE2DCA400330DC2 /* Debug */,
				E24825C92EE2DCA400330DC2 /* Release */,
			);
			defaultConfigurationIsVisible = 0;
			defaultConfigurationName = Release;
		};
/* End XCConfigurationList section */

/* Begin XCRemoteSwiftPackageReference section */
		C5A99CF42F7032CB0072B161 /* XCRemoteSwiftPackageReference "PhoneNumberKit" */ = {
			isa = XCRemoteSwiftPackageReference;
			repositoryURL = "https://github.com/marmelroy/PhoneNumberKit";
			requirement = {
				kind = upToNextMajorVersion;
				minimumVersion = 4.2.8;
			};
		};
		E226D5E72FB3E18900FC8CA7 /* XCRemoteSwiftPackageReference "QRCode" */ = {
			isa = XCRemoteSwiftPackageReference;
			repositoryURL = "https://github.com/dagronf/QRCode";
			requirement = {
				kind = upToNextMajorVersion;
				minimumVersion = 28.0.2;
			};
		};
		E256EF3C2EFB2F6E000D5E8A /* XCRemoteSwiftPackageReference "Geohash" */ = {
			isa = XCRemoteSwiftPackageReference;
			repositoryURL = "https://github.com/nh7a/Geohash";
			requirement = {
				kind = upToNextMajorVersion;
				minimumVersion = 1.0.0;
			};
		};
		E289D7B42EE832FA005F9F37 /* XCRemoteSwiftPackageReference "firebase-ios-sdk" */ = {
			isa = XCRemoteSwiftPackageReference;
			repositoryURL = "https://github.com/firebase/firebase-ios-sdk";
			requirement = {
				kind = upToNextMajorVersion;
				minimumVersion = 12.6.0;
			};
		};
		E289D7BB2EE83372005F9F37 /* XCRemoteSwiftPackageReference "GoogleSignIn-iOS" */ = {
			isa = XCRemoteSwiftPackageReference;
			repositoryURL = "https://github.com/google/GoogleSignIn-iOS";
			requirement = {
				kind = upToNextMajorVersion;
				minimumVersion = 9.0.0;
			};
		};
		E2A9049F2F06F4CB00C287FD /* XCRemoteSwiftPackageReference "Kingfisher" */ = {
			isa = XCRemoteSwiftPackageReference;
			repositoryURL = "https://github.com/onevcat/Kingfisher";
			requirement = {
				kind = upToNextMajorVersion;
				minimumVersion = 8.6.2;
			};
		};
		E2A90D082F09E59300C287FD /* XCRemoteSwiftPackageReference "AdelsonValidator" */ = {
			isa = XCRemoteSwiftPackageReference;
			repositoryURL = "https://github.com/Ahmed23Adel/AdelsonValidator";
			requirement = {
				branch = main;
				kind = branch;
			};
		};
		E2A90D0B2F09E61900C287FD /* XCRemoteSwiftPackageReference "lottie-ios" */ = {
			isa = XCRemoteSwiftPackageReference;
			repositoryURL = "https://github.com/airbnb/lottie-ios";
			requirement = {
				kind = upToNextMajorVersion;
				minimumVersion = 4.5.2;
			};
		};
		E2EBBBC42F2EAB1A002307D8 /* XCRemoteSwiftPackageReference "AdelsonAuthManager" */ = {
			isa = XCRemoteSwiftPackageReference;
			repositoryURL = "https://github.com/Ahmed23Adel/AdelsonAuthManager";
			requirement = {
				branch = master;
				kind = branch;
			};
		};
		E2EBBBC72F2EAB57002307D8 /* XCRemoteSwiftPackageReference "AdelsonApiCaller" */ = {
			isa = XCRemoteSwiftPackageReference;
			repositoryURL = "https://github.com/Ahmed23Adel/AdelsonApiCaller";
			requirement = {
				branch = master;
				kind = branch;
			};
		};
		E2EBBD082F2F7535002307D8 /* XCRemoteSwiftPackageReference "Alamofire" */ = {
			isa = XCRemoteSwiftPackageReference;
			repositoryURL = "https://github.com/Alamofire/Alamofire.git";
			requirement = {
				kind = upToNextMajorVersion;
				minimumVersion = 5.11.0;
			};
		};
/* End XCRemoteSwiftPackageReference section */

/* Begin XCSwiftPackageProductDependency section */
		C55F44D42F6C4A51001AEFEC /* FirebaseStorage */ = {
			isa = XCSwiftPackageProductDependency;
			package = E289D7B42EE832FA005F9F37 /* XCRemoteSwiftPackageReference "firebase-ios-sdk" */;
			productName = FirebaseStorage;
		};
		C5A99CF52F7033C00072B161 /* PhoneNumberKit */ = {
			isa = XCSwiftPackageProductDependency;
			package = C5A99CF42F7032CB0072B161 /* XCRemoteSwiftPackageReference "PhoneNumberKit" */;
			productName = PhoneNumberKit;
		};
		E226D5E82FB3E18A00FC8CA7 /* QRCode */ = {
			isa = XCSwiftPackageProductDependency;
			package = E226D5E72FB3E18900FC8CA7 /* XCRemoteSwiftPackageReference "QRCode" */;
			productName = QRCode;
		};
		E2359D442FA7DD860064676E /* FirebaseMessaging */ = {
			isa = XCSwiftPackageProductDependency;
			package = E289D7B42EE832FA005F9F37 /* XCRemoteSwiftPackageReference "firebase-ios-sdk" */;
			productName = FirebaseMessaging;
		};
		E256EF3D2EFB2F6E000D5E8A /* Geohash */ = {
			isa = XCSwiftPackageProductDependency;
			package = E256EF3C2EFB2F6E000D5E8A /* XCRemoteSwiftPackageReference "Geohash" */;
			productName = Geohash;
		};
		E2843DB32F26533F0028825D /* FirebaseFunctions */ = {
			isa = XCSwiftPackageProductDependency;
			package = E289D7B42EE832FA005F9F37 /* XCRemoteSwiftPackageReference "firebase-ios-sdk" */;
			productName = FirebaseFunctions;
		};
		E289D7B52EE832FA005F9F37 /* FirebaseAnalytics */ = {
			isa = XCSwiftPackageProductDependency;
			package = E289D7B42EE832FA005F9F37 /* XCRemoteSwiftPackageReference "firebase-ios-sdk" */;
			productName = FirebaseAnalytics;
		};
		E289D7B72EE832FA005F9F37 /* FirebaseAnalyticsCore */ = {
			isa = XCSwiftPackageProductDependency;
			package = E289D7B42EE832FA005F9F37 /* XCRemoteSwiftPackageReference "firebase-ios-sdk" */;
			productName = FirebaseAnalyticsCore;
		};
		E289D7B92EE832FA005F9F37 /* FirebaseAnalyticsIdentitySupport */ = {
			isa = XCSwiftPackageProductDependency;
			package = E289D7B42EE832FA005F9F37 /* XCRemoteSwiftPackageReference "firebase-ios-sdk" */;
			productName = FirebaseAnalyticsIdentitySupport;
		};
		E289D7BC2EE83372005F9F37 /* GoogleSignIn */ = {
			isa = XCSwiftPackageProductDependency;
			package = E289D7BB2EE83372005F9F37 /* XCRemoteSwiftPackageReference "GoogleSignIn-iOS" */;
			productName = GoogleSignIn;
		};
		E289D7BE2EE83372005F9F37 /* GoogleSignInSwift */ = {
			isa = XCSwiftPackageProductDependency;
			package = E289D7BB2EE83372005F9F37 /* XCRemoteSwiftPackageReference "GoogleSignIn-iOS" */;
			productName = GoogleSignInSwift;
		};
		E289D7E52EE83A83005F9F37 /* FirebaseAuth */ = {
			isa = XCSwiftPackageProductDependency;
			package = E289D7B42EE832FA005F9F37 /* XCRemoteSwiftPackageReference "firebase-ios-sdk" */;
			productName = FirebaseAuth;
		};
		E289D7E72EE83A93005F9F37 /* FirebaseCore */ = {
			isa = XCSwiftPackageProductDependency;
			package = E289D7B42EE832FA005F9F37 /* XCRemoteSwiftPackageReference "firebase-ios-sdk" */;
			productName = FirebaseCore;
		};
		E2A904A02F06F4CB00C287FD /* Kingfisher */ = {
			isa = XCSwiftPackageProductDependency;
			package = E2A9049F2F06F4CB00C287FD /* XCRemoteSwiftPackageReference "Kingfisher" */;
			productName = Kingfisher;
		};
		E2A90D092F09E59300C287FD /* AdelsonValidator */ = {
			isa = XCSwiftPackageProductDependency;
			package = E2A90D082F09E59300C287FD /* XCRemoteSwiftPackageReference "AdelsonValidator" */;
			productName = AdelsonValidator;
		};
		E2A90D0C2F09E61900C287FD /* Lottie */ = {
			isa = XCSwiftPackageProductDependency;
			package = E2A90D0B2F09E61900C287FD /* XCRemoteSwiftPackageReference "lottie-ios" */;
			productName = Lottie;
		};
		E2CB89B92EF9924A0007AB32 /* FirebaseFirestore */ = {
			isa = XCSwiftPackageProductDependency;
			package = E289D7B42EE832FA005F9F37 /* XCRemoteSwiftPackageReference "firebase-ios-sdk" */;
			productName = FirebaseFirestore;
		};
		E2EBBBC52F2EAB1A002307D8 /* AdelsonAuthManager */ = {
			isa = XCSwiftPackageProductDependency;
			package = E2EBBBC42F2EAB1A002307D8 /* XCRemoteSwiftPackageReference "AdelsonAuthManager" */;
			productName = AdelsonAuthManager;
		};
		E2EBBBC82F2EAB57002307D8 /* AdelsonApiCaller */ = {
			isa = XCSwiftPackageProductDependency;
			package = E2EBBBC72F2EAB57002307D8 /* XCRemoteSwiftPackageReference "AdelsonApiCaller" */;
			productName = AdelsonApiCaller;
		};
		E2EBBD092F2F7535002307D8 /* Alamofire */ = {
			isa = XCSwiftPackageProductDependency;
			package = E2EBBD082F2F7535002307D8 /* XCRemoteSwiftPackageReference "Alamofire" */;
			productName = Alamofire;
		};
/* End XCSwiftPackageProductDependency section */
	};
	rootObject = E24825982EE2DCA200330DC2 /* Project object */;
}
